
Microsoft Visual Studio Solution File, Format Version 12.00
# Visual Studio 15
VisualStudioVersion = 15.0.26730.12
MinimumVisualStudioVersion = 10.0.40219.1
Project("{9A19103F-16F7-4668-BE54-9A1E7A4F7556}") = "MonitorPageStatus", "MonitorPageStatus\MonitorPageStatus.csproj", "{F84420B9-3D32-43FC-860F-897C77A317CF}"
EndProject
Project("{FAE04EC0-301F-11D3-BF4B-00C04F79EFBC}") = "MonitorPageStatus.ExampleConsoleApp", "MonitorPageStatus.ExampleConsoleApp\MonitorPageStatus.ExampleConsoleApp.csproj", "{F342472B-5D1C-4BD6-B42C-3045EA429B2A}"
EndProject
Global
	GlobalSection(SolutionConfigurationPlatforms) = preSolution
		Debug|Any CPU = Debug|Any CPU
		Release|Any CPU = Release|Any CPU
	EndGlobalSection
	GlobalSection(ProjectConfigurationPlatforms) = postSolution
		{F84420B9-3D32-43FC-860F-897C77A317CF}.Debug|Any CPU.ActiveCfg = Debug|Any CPU
		{F84420B9-3D32-43FC-860F-897C77A317CF}.Debug|Any CPU.Build.0 = Debug|Any CPU
		{F84420B9-3D32-43FC-860F-897C77A317CF}.Release|Any CPU.ActiveCfg = Release|Any CPU
		{F84420B9-3D32-43FC-860F-897C77A317CF}.Release|Any CPU.Build.0 = Release|Any CPU
		{F342472B-5D1C-4BD6-B42C-3045EA429B2A}.Debug|Any CPU.ActiveCfg = Debug|Any CPU
		{F342472B-5D1C-4BD6-B42C-3045EA429B2A}.Debug|Any CPU.Build.0 = Debug|Any CPU
		{F342472B-5D1C-4BD6-B42C-3045EA429B2A}.Release|Any CPU.ActiveCfg = Release|Any CPU
		{F342472B-5D1C-4BD6-B42C-3045EA429B2A}.Release|Any CPU.Build.0 = Release|Any CPU
	EndGlobalSection
	GlobalSection(SolutionProperties) = preSolution
		HideSolutionNode = FALSE
	EndGlobalSection
	GlobalSection(ExtensibilityGlobals) = postSolution
		SolutionGuid = {FD077DEF-B763-494A-AF0E-7078A7887B87}
	EndGlobalSection
EndGlobal
